
Microsoft Visual Studio Solution File, Format Version 12.00
# Visual Studio Version 17
VisualStudioVersion = 17.0.32112.339
MinimumVisualStudioVersion = 10.0.40219.1
Project("{9A19103F-16F7-4668-BE54-9A1E7A4F7556}") = "Service1", "ProtoGrpc\Services\Service1\Service1.csproj", "{30C5E4F6-92D9-41D9-A8A9-D45319DC89E8}"
EndProject
Project("{9A19103F-16F7-4668-BE54-9A1E7A4F7556}") = "Admin.Api", "ProtoGrpc\Api\Admin.Api\Admin.Api.csproj", "{71B0F5E6-4085-4AF7-9208-D75D2B3C7E64}"
EndProject
Project("{FAE04EC0-301F-11D3-BF4B-00C04F79EFBC}") = "Protos", "Protos\Protos.csproj", "{4CC19A2B-99B8-4073-9499-52BED0D0AA2D}"
EndProject
Global
	GlobalSection(SolutionConfigurationPlatforms) = preSolution
		Debug|Any CPU = Debug|Any CPU
		Release|Any CPU = Release|Any CPU
	EndGlobalSection
	GlobalSection(ProjectConfigurationPlatforms) = postSolution
		{30C5E4F6-92D9-41D9-A8A9-D45319DC89E8}.Debug|Any CPU.ActiveCfg = Debug|Any CPU
		{30C5E4F6-92D9-41D9-A8A9-D45319DC89E8}.Debug|Any CPU.Build.0 = Debug|Any CPU
		{30C5E4F6-92D9-41D9-A8A9-D45319DC89E8}.Release|Any CPU.ActiveCfg = Release|Any CPU
		{30C5E4F6-92D9-41D9-A8A9-D45319DC89E8}.Release|Any CPU.Build.0 = Release|Any CPU
		{71B0F5E6-4085-4AF7-9208-D75D2B3C7E64}.Debug|Any CPU.ActiveCfg = Debug|Any CPU
		{71B0F5E6-4085-4AF7-9208-D75D2B3C7E64}.Debug|Any CPU.Build.0 = Debug|Any CPU
		{71B0F5E6-4085-4AF7-9208-D75D2B3C7E64}.Release|Any CPU.ActiveCfg = Release|Any CPU
		{71B0F5E6-4085-4AF7-9208-D75D2B3C7E64}.Release|Any CPU.Build.0 = Release|Any CPU
		{4CC19A2B-99B8-4073-9499-52BED0D0AA2D}.Debug|Any CPU.ActiveCfg = Debug|Any CPU
		{4CC19A2B-99B8-4073-9499-52BED0D0AA2D}.Debug|Any CPU.Build.0 = Debug|Any CPU
		{4CC19A2B-99B8-4073-9499-52BED0D0AA2D}.Release|Any CPU.ActiveCfg = Release|Any CPU
		{4CC19A2B-99B8-4073-9499-52BED0D0AA2D}.Release|Any CPU.Build.0 = Release|Any CPU
	EndGlobalSection
	GlobalSection(SolutionProperties) = preSolution
		HideSolutionNode = FALSE
	EndGlobalSection
	GlobalSection(ExtensibilityGlobals) = postSolution
		SolutionGuid = {EDC6F0FB-DE37-4402-B49D-DF0396981405}
	EndGlobalSection
EndGlobal
